
Microsoft Visual Studio Solution File, Format Version 12.00
# Visual Studio 15
VisualStudioVersion = 15.0.28307.168
MinimumVisualStudioVersion = 10.0.40219.1
Project("{9A19103F-16F7-4668-BE54-9A1E7A4F7556}") = "AWS-Recognition-APP", "AWS-Recognition-APP\AWS-Recognition-APP.csproj", "{23435E97-90DD-4552-B4B4-E9DDC2F7877E}"
EndProject
Project("{9A19103F-16F7-4668-BE54-9A1E7A4F7556}") = "AWS-Recognition-APP.Tests", "AWS-Recognition-APP.Tests\AWS-Recognition-APP.Tests.csproj", "{9D6F9B27-66F6-496E-B5F7-71096A617295}"
EndProject
Global
	GlobalSection(SolutionConfigurationPlatforms) = preSolution
		Debug|Any CPU = Debug|Any CPU
		Release|Any CPU = Release|Any CPU
	EndGlobalSection
	GlobalSection(ProjectConfigurationPlatforms) = postSolution
		{23435E97-90DD-4552-B4B4-E9DDC2F7877E}.Debug|Any CPU.ActiveCfg = Debug|Any CPU
		{23435E97-90DD-4552-B4B4-E9DDC2F7877E}.Debug|Any CPU.Build.0 = Debug|Any CPU
		{23435E97-90DD-4552-B4B4-E9DDC2F7877E}.Release|Any CPU.ActiveCfg = Release|Any CPU
		{23435E97-90DD-4552-B4B4-E9DDC2F7877E}.Release|Any CPU.Build.0 = Release|Any CPU
		{9D6F9B27-66F6-496E-B5F7-71096A617295}.Debug|Any CPU.ActiveCfg = Debug|Any CPU
		{9D6F9B27-66F6-496E-B5F7-71096A617295}.Debug|Any CPU.Build.0 = Debug|Any CPU
		{9D6F9B27-66F6-496E-B5F7-71096A617295}.Release|Any CPU.ActiveCfg = Release|Any CPU
		{9D6F9B27-66F6-496E-B5F7-71096A617295}.Release|Any CPU.Build.0 = Release|Any CPU
	EndGlobalSection
	GlobalSection(SolutionProperties) = preSolution
		HideSolutionNode = FALSE
	EndGlobalSection
	GlobalSection(ExtensibilityGlobals) = postSolution
		SolutionGuid = {2C6692D1-2E0B-466B-9E5F-6B2C7FA419BF}
	EndGlobalSection
EndGlobal
